
Microsoft Visual Studio Solution File, Format Version 12.00
# Visual Studio Version 17
VisualStudioVersion = 17.0.31612.314
MinimumVisualStudioVersion = 10.0.40219.1
Project("{2150E333-8FDC-42A3-9474-1A3956D46DE8}") = "src", "src", "{98EE4B75-AED3-4D0F-BA3C-A0432473229D}"
EndProject
Project("{2150E333-8FDC-42A3-9474-1A3956D46DE8}") = "tests", "tests", "{925BBD03-1936-4358-B353-BFA2E6511D0D}"
EndProject
Project("{2150E333-8FDC-42A3-9474-1A3956D46DE8}") = "samples", "samples", "{D2E15FD7-D9C0-4881-956C-75800537AF81}"
EndProject
Project("{9A19103F-16F7-4668-BE54-9A1E7A4F7556}") = "Newcats.DependencyInjection", "src\Newcats.DependencyInjection\Newcats.DependencyInjection.csproj", "{FF6CDA58-7B10-41AB-85F4-B449A38C9CAB}"
EndProject
Project("{9A19103F-16F7-4668-BE54-9A1E7A4F7556}") = "Newcats.Utils", "src\Newcats.Utils\Newcats.Utils.csproj", "{949DDE1C-EB80-4ECF-A31A-02F401D15756}"
EndProject
Project("{9A19103F-16F7-4668-BE54-9A1E7A4F7556}") = "Newcats.PocoGenerator", "src\Newcats.PocoGenerator\Newcats.PocoGenerator.csproj", "{A932F6D5-105B-4677-9E19-F7B1494D31D9}"
EndProject
Project("{9A19103F-16F7-4668-BE54-9A1E7A4F7556}") = "T1_ConsoleTests", "tests\T1_ConsoleTests\T1_ConsoleTests.csproj", "{6E2162C8-EE34-4E02-8244-264F6DA6192E}"
EndProject
Project("{9A19103F-16F7-4668-BE54-9A1E7A4F7556}") = "Newcats.WebApi", "samples\Newcats.WebApi\Newcats.WebApi.csproj", "{3E9B68D9-4FDB-45E1-B421-A5F336801DEE}"
EndProject
Project("{9A19103F-16F7-4668-BE54-9A1E7A4F7556}") = "Newcats.AspNetCore", "src\Newcats.AspNetCore\Newcats.AspNetCore.csproj", "{61225E8E-2BA8-403A-BF67-83E7B1413873}"
EndProject
Project("{9A19103F-16F7-4668-BE54-9A1E7A4F7556}") = "Newcats.Office", "src\Newcats.Office\Newcats.Office.csproj", "{55358B2B-21DF-4408-A65C-C868D65033A6}"
EndProject
Project("{9A19103F-16F7-4668-BE54-9A1E7A4F7556}") = "Newcats.DataAccess.MySql", "src\Newcats.DataAccess.MySql\Newcats.DataAccess.MySql.csproj", "{4D7D83D0-0836-4CC8-BF16-EB3F28EF9451}"
EndProject
Project("{9A19103F-16F7-4668-BE54-9A1E7A4F7556}") = "Newcats.DataAccess.Core", "src\Newcats.DataAccess.Core\Newcats.DataAccess.Core.csproj", "{A286210F-F101-40BC-B6E3-EC265D5C8F5C}"
EndProject
Project("{9A19103F-16F7-4668-BE54-9A1E7A4F7556}") = "Newcats.DataAccess.SqlServer", "src\Newcats.DataAccess.SqlServer\Newcats.DataAccess.SqlServer.csproj", "{24C0B7FB-4AA2-4E76-8354-FB8170FBF86B}"
EndProject
Project("{9A19103F-16F7-4668-BE54-9A1E7A4F7556}") = "Newcats.DataAccess.PostgreSql", "src\Newcats.DataAccess.PostgreSql\Newcats.DataAccess.PostgreSql.csproj", "{D54C9D04-42BC-4403-98A8-A5BED0A40227}"
EndProject
Project("{9A19103F-16F7-4668-BE54-9A1E7A4F7556}") = "SqlBulkCopyTest", "tests\SqlBulkCopyTest\SqlBulkCopyTest.csproj", "{DE8B1AD1-DBE2-436A-A037-197D4B931352}"
EndProject
Project("{9A19103F-16F7-4668-BE54-9A1E7A4F7556}") = "Newcats.DataAccess.Sqlite", "src\Newcats.DataAccess.Sqlite\Newcats.DataAccess.Sqlite.csproj", "{730AFCF8-756E-4B29-8DC6-5CE2055B56BF}"
EndProject
Project("{9A19103F-16F7-4668-BE54-9A1E7A4F7556}") = "Newcats.Utils.UnitTest", "tests\Newcats.Utils.UnitTest\Newcats.Utils.UnitTest.csproj", "{AAF417C1-4514-4F9E-88EF-2AC956965B0C}"
EndProject
Project("{FAE04EC0-301F-11D3-BF4B-00C04F79EFBC}") = "SerializerTest", "tests\SerializerTest\SerializerTest.csproj", "{6A60E392-E605-4E8B-BABE-A1AF06DDB379}"
EndProject
Global
	GlobalSection(SolutionConfigurationPlatforms) = preSolution
		Debug|Any CPU = Debug|Any CPU
		Release|Any CPU = Release|Any CPU
	EndGlobalSection
	GlobalSection(ProjectConfigurationPlatforms) = postSolution
		{FF6CDA58-7B10-41AB-85F4-B449A38C9CAB}.Debug|Any CPU.ActiveCfg = Debug|Any CPU
		{FF6CDA58-7B10-41AB-85F4-B449A38C9CAB}.Debug|Any CPU.Build.0 = Debug|Any CPU
		{FF6CDA58-7B10-41AB-85F4-B449A38C9CAB}.Release|Any CPU.ActiveCfg = Release|Any CPU
		{FF6CDA58-7B10-41AB-85F4-B449A38C9CAB}.Release|Any CPU.Build.0 = Release|Any CPU
		{949DDE1C-EB80-4ECF-A31A-02F401D15756}.Debug|Any CPU.ActiveCfg = Debug|Any CPU
		{949DDE1C-EB80-4ECF-A31A-02F401D15756}.Debug|Any CPU.Build.0 = Debug|Any CPU
		{949DDE1C-EB80-4ECF-A31A-02F401D15756}.Release|Any CPU.ActiveCfg = Release|Any CPU
		{949DDE1C-EB80-4ECF-A31A-02F401D15756}.Release|Any CPU.Build.0 = Release|Any CPU
		{A932F6D5-105B-4677-9E19-F7B1494D31D9}.Debug|Any CPU.ActiveCfg = Debug|Any CPU
		{A932F6D5-105B-4677-9E19-F7B1494D31D9}.Debug|Any CPU.Build.0 = Debug|Any CPU
		{A932F6D5-105B-4677-9E19-F7B1494D31D9}.Release|Any CPU.ActiveCfg = Release|Any CPU
		{A932F6D5-105B-4677-9E19-F7B1494D31D9}.Release|Any CPU.Build.0 = Release|Any CPU
		{6E2162C8-EE34-4E02-8244-264F6DA6192E}.Debug|Any CPU.ActiveCfg = Debug|Any CPU
		{6E2162C8-EE34-4E02-8244-264F6DA6192E}.Debug|Any CPU.Build.0 = Debug|Any CPU
		{6E2162C8-EE34-4E02-8244-264F6DA6192E}.Release|Any CPU.ActiveCfg = Release|Any CPU
		{6E2162C8-EE34-4E02-8244-264F6DA6192E}.Release|Any CPU.Build.0 = Release|Any CPU
		{3E9B68D9-4FDB-45E1-B421-A5F336801DEE}.Debug|Any CPU.ActiveCfg = Debug|Any CPU
		{3E9B68D9-4FDB-45E1-B421-A5F336801DEE}.Debug|Any CPU.Build.0 = Debug|Any CPU
		{3E9B68D9-4FDB-45E1-B421-A5F336801DEE}.Release|Any CPU.ActiveCfg = Release|Any CPU
		{3E9B68D9-4FDB-45E1-B421-A5F336801DEE}.Release|Any CPU.Build.0 = Release|Any CPU
		{61225E8E-2BA8-403A-BF67-83E7B1413873}.Debug|Any CPU.ActiveCfg = Debug|Any CPU
		{61225E8E-2BA8-403A-BF67-83E7B1413873}.Debug|Any CPU.Build.0 = Debug|Any CPU
		{61225E8E-2BA8-403A-BF67-83E7B1413873}.Release|Any CPU.ActiveCfg = Release|Any CPU
		{61225E8E-2BA8-403A-BF67-83E7B1413873}.Release|Any CPU.Build.0 = Release|Any CPU
		{55358B2B-21DF-4408-A65C-C868D65033A6}.Debug|Any CPU.ActiveCfg = Debug|Any CPU
		{55358B2B-21DF-4408-A65C-C868D65033A6}.Debug|Any CPU.Build.0 = Debug|Any CPU
		{55358B2B-21DF-4408-A65C-C868D65033A6}.Release|Any CPU.ActiveCfg = Release|Any CPU
		{55358B2B-21DF-4408-A65C-C868D65033A6}.Release|Any CPU.Build.0 = Release|Any CPU
		{4D7D83D0-0836-4CC8-BF16-EB3F28EF9451}.Debug|Any CPU.ActiveCfg = Debug|Any CPU
		{4D7D83D0-0836-4CC8-BF16-EB3F28EF9451}.Debug|Any CPU.Build.0 = Debug|Any CPU
		{4D7D83D0-0836-4CC8-BF16-EB3F28EF9451}.Release|Any CPU.ActiveCfg = Release|Any CPU
		{4D7D83D0-0836-4CC8-BF16-EB3F28EF9451}.Release|Any CPU.Build.0 = Release|Any CPU
		{A286210F-F101-40BC-B6E3-EC265D5C8F5C}.Debug|Any CPU.ActiveCfg = Debug|Any CPU
		{A286210F-F101-40BC-B6E3-EC265D5C8F5C}.Debug|Any CPU.Build.0 = Debug|Any CPU
		{A286210F-F101-40BC-B6E3-EC265D5C8F5C}.Release|Any CPU.ActiveCfg = Release|Any CPU
		{A286210F-F101-40BC-B6E3-EC265D5C8F5C}.Release|Any CPU.Build.0 = Release|Any CPU
		{24C0B7FB-4AA2-4E76-8354-FB8170FBF86B}.Debug|Any CPU.ActiveCfg = Debug|Any CPU
		{24C0B7FB-4AA2-4E76-8354-FB8170FBF86B}.Debug|Any CPU.Build.0 = Debug|Any CPU
		{24C0B7FB-4AA2-4E76-8354-FB8170FBF86B}.Release|Any CPU.ActiveCfg = Release|Any CPU
		{24C0B7FB-4AA2-4E76-8354-FB8170FBF86B}.Release|Any CPU.Build.0 = Release|Any CPU
		{D54C9D04-42BC-4403-98A8-A5BED0A40227}.Debug|Any CPU.ActiveCfg = Debug|Any CPU
		{D54C9D04-42BC-4403-98A8-A5BED0A40227}.Debug|Any CPU.Build.0 = Debug|Any CPU
		{D54C9D04-42BC-4403-98A8-A5BED0A40227}.Release|Any CPU.ActiveCfg = Release|Any CPU
		{D54C9D04-42BC-4403-98A8-A5BED0A40227}.Release|Any CPU.Build.0 = Release|Any CPU
		{DE8B1AD1-DBE2-436A-A037-197D4B931352}.Debug|Any CPU.ActiveCfg = Debug|Any CPU
		{DE8B1AD1-DBE2-436A-A037-197D4B931352}.Debug|Any CPU.Build.0 = Debug|Any CPU
		{DE8B1AD1-DBE2-436A-A037-197D4B931352}.Release|Any CPU.ActiveCfg = Release|Any CPU
		{DE8B1AD1-DBE2-436A-A037-197D4B931352}.Release|Any CPU.Build.0 = Release|Any CPU
		{730AFCF8-756E-4B29-8DC6-5CE2055B56BF}.Debug|Any CPU.ActiveCfg = Debug|Any CPU
		{730AFCF8-756E-4B29-8DC6-5CE2055B56BF}.Debug|Any CPU.Build.0 = Debug|Any CPU
		{730AFCF8-756E-4B29-8DC6-5CE2055B56BF}.Release|Any CPU.ActiveCfg = Release|Any CPU
		{730AFCF8-756E-4B29-8DC6-5CE2055B56BF}.Release|Any CPU.Build.0 = Release|Any CPU
		{AAF417C1-4514-4F9E-88EF-2AC956965B0C}.Debug|Any CPU.ActiveCfg = Debug|Any CPU
		{AAF417C1-4514-4F9E-88EF-2AC956965B0C}.Debug|Any CPU.Build.0 = Debug|Any CPU
		{AAF417C1-4514-4F9E-88EF-2AC956965B0C}.Release|Any CPU.ActiveCfg = Release|Any CPU
		{AAF417C1-4514-4F9E-88EF-2AC956965B0C}.Release|Any CPU.Build.0 = Release|Any CPU
		{6A60E392-E605-4E8B-BABE-A1AF06DDB379}.Debug|Any CPU.ActiveCfg = Debug|Any CPU
		{6A60E392-E605-4E8B-BABE-A1AF06DDB379}.Debug|Any CPU.Build.0 = Debug|Any CPU
		{6A60E392-E605-4E8B-BABE-A1AF06DDB379}.Release|Any CPU.ActiveCfg = Release|Any CPU
		{6A60E392-E605-4E8B-BABE-A1AF06DDB379}.Release|Any CPU.Build.0 = Release|Any CPU
	EndGlobalSection
	GlobalSection(SolutionProperties) = preSolution
		HideSolutionNode = FALSE
	EndGlobalSection
	GlobalSection(NestedProjects) = preSolution
		{FF6CDA58-7B10-41AB-85F4-B449A38C9CAB} = {98EE4B75-AED3-4D0F-BA3C-A0432473229D}
		{949DDE1C-EB80-4ECF-A31A-02F401D15756} = {98EE4B75-AED3-4D0F-BA3C-A0432473229D}
		{A932F6D5-105B-4677-9E19-F7B1494D31D9} = {98EE4B75-AED3-4D0F-BA3C-A0432473229D}
		{6E2162C8-EE34-4E02-8244-264F6DA6192E} = {925BBD03-1936-4358-B353-BFA2E6511D0D}
		{3E9B68D9-4FDB-45E1-B421-A5F336801DEE} = {D2E15FD7-D9C0-4881-956C-75800537AF81}
		{61225E8E-2BA8-403A-BF67-83E7B1413873} = {98EE4B75-AED3-4D0F-BA3C-A0432473229D}
		{55358B2B-21DF-4408-A65C-C868D65033A6} = {98EE4B75-AED3-4D0F-BA3C-A0432473229D}
		{4D7D83D0-0836-4CC8-BF16-EB3F28EF9451} = {98EE4B75-AED3-4D0F-BA3C-A0432473229D}
		{A286210F-F101-40BC-B6E3-EC265D5C8F5C} = {98EE4B75-AED3-4D0F-BA3C-A0432473229D}
		{24C0B7FB-4AA2-4E76-8354-FB8170FBF86B} = {98EE4B75-AED3-4D0F-BA3C-A0432473229D}
		{D54C9D04-42BC-4403-98A8-A5BED0A40227} = {98EE4B75-AED3-4D0F-BA3C-A0432473229D}
		{DE8B1AD1-DBE2-436A-A037-197D4B931352} = {925BBD03-1936-4358-B353-BFA2E6511D0D}
		{730AFCF8-756E-4B29-8DC6-5CE2055B56BF} = {98EE4B75-AED3-4D0F-BA3C-A0432473229D}
		{AAF417C1-4514-4F9E-88EF-2AC956965B0C} = {925BBD03-1936-4358-B353-BFA2E6511D0D}
		{6A60E392-E605-4E8B-BABE-A1AF06DDB379} = {925BBD03-1936-4358-B353-BFA2E6511D0D}
	EndGlobalSection
	GlobalSection(ExtensibilityGlobals) = postSolution
		SolutionGuid = {B820ECAE-681C-4186-91AF-AA66A4EF0FB2}
	EndGlobalSection
EndGlobal
